
Microsoft Visual Studio Solution File, Format Version 12.00
# Visual Studio 15
VisualStudioVersion = 15.0.28010.2016
MinimumVisualStudioVersion = 10.0.40219.1
Project("{FAE04EC0-301F-11D3-BF4B-00C04F79EFBC}") = "Dotify.Android", "Dotify\Dotify.Android\Dotify.Android.csproj", "{2DA74BF1-3B99-4F57-B8DA-150E2E89D21E}"
EndProject
Project("{FAE04EC0-301F-11D3-BF4B-00C04F79EFBC}") = "Dotify.iOS", "Dotify\Dotify.iOS\Dotify.iOS.csproj", "{4665FEDE-805A-4A75-9C42-CB5A22FA92AD}"
EndProject
Project("{FAE04EC0-301F-11D3-BF4B-00C04F79EFBC}") = "Dotify", "Dotify\Dotify\Dotify.csproj", "{2D4F4C30-77C0-4B33-8F5E-1C64F35C1F50}"
EndProject
Global
	GlobalSection(SolutionConfigurationPlatforms) = preSolution
		Ad-Hoc|Any CPU = Ad-Hoc|Any CPU
		Ad-Hoc|iPhone = Ad-Hoc|iPhone
		Ad-Hoc|iPhoneSimulator = Ad-Hoc|iPhoneSimulator
		AppStore|Any CPU = AppStore|Any CPU
		AppStore|iPhone = AppStore|iPhone
		AppStore|iPhoneSimulator = AppStore|iPhoneSimulator
		Debug|Any CPU = Debug|Any CPU
		Debug|iPhone = Debug|iPhone
		Debug|iPhoneSimulator = Debug|iPhoneSimulator
		Release|Any CPU = Release|Any CPU
		Release|iPhone = Release|iPhone
		Release|iPhoneSimulator = Release|iPhoneSimulator
	EndGlobalSection
	GlobalSection(ProjectConfigurationPlatforms) = postSolution
		{2DA74BF1-3B99-4F57-B8DA-150E2E89D21E}.Ad-Hoc|Any CPU.ActiveCfg = Release|Any CPU
		{2DA74BF1-3B99-4F57-B8DA-150E2E89D21E}.Ad-Hoc|Any CPU.Build.0 = Release|Any CPU
		{2DA74BF1-3B99-4F57-B8DA-150E2E89D21E}.Ad-Hoc|Any CPU.Deploy.0 = Release|Any CPU
		{2DA74BF1-3B99-4F57-B8DA-150E2E89D21E}.Ad-Hoc|iPhone.ActiveCfg = Release|Any CPU
		{2DA74BF1-3B99-4F57-B8DA-150E2E89D21E}.Ad-Hoc|iPhone.Build.0 = Release|Any CPU
		{2DA74BF1-3B99-4F57-B8DA-150E2E89D21E}.Ad-Hoc|iPhone.Deploy.0 = Release|Any CPU
		{2DA74BF1-3B99-4F57-B8DA-150E2E89D21E}.Ad-Hoc|iPhoneSimulator.ActiveCfg = Release|Any CPU
		{2DA74BF1-3B99-4F57-B8DA-150E2E89D21E}.Ad-Hoc|iPhoneSimulator.Build.0 = Release|Any CPU
		{2DA74BF1-3B99-4F57-B8DA-150E2E89D21E}.Ad-Hoc|iPhoneSimulator.Deploy.0 = Release|Any CPU
		{2DA74BF1-3B99-4F57-B8DA-150E2E89D21E}.AppStore|Any CPU.ActiveCfg = Release|Any CPU
		{2DA74BF1-3B99-4F57-B8DA-150E2E89D21E}.AppStore|Any CPU.Build.0 = Release|Any CPU
		{2DA74BF1-3B99-4F57-B8DA-150E2E89D21E}.AppStore|Any CPU.Deploy.0 = Release|Any CPU
		{2DA74BF1-3B99-4F57-B8DA-150E2E89D21E}.AppStore|iPhone.ActiveCfg = Release|Any CPU
		{2DA74BF1-3B99-4F57-B8DA-150E2E89D21E}.AppStore|iPhone.Build.0 = Release|Any CPU
		{2DA74BF1-3B99-4F57-B8DA-150E2E89D21E}.AppStore|iPhone.Deploy.0 = Release|Any CPU
		{2DA74BF1-3B99-4F57-B8DA-150E2E89D21E}.AppStore|iPhoneSimulator.ActiveCfg = Release|Any CPU
		{2DA74BF1-3B99-4F57-B8DA-150E2E89D21E}.AppStore|iPhoneSimulator.Build.0 = Release|Any CPU
		{2DA74BF1-3B99-4F57-B8DA-150E2E89D21E}.AppStore|iPhoneSimulator.Deploy.0 = Release|Any CPU
		{2DA74BF1-3B99-4F57-B8DA-150E2E89D21E}.Debug|Any CPU.ActiveCfg = Debug|Any CPU
		{2DA74BF1-3B99-4F57-B8DA-150E2E89D21E}.Debug|Any CPU.Build.0 = Debug|Any CPU
		{2DA74BF1-3B99-4F57-B8DA-150E2E89D21E}.Debug|Any CPU.Deploy.0 = Debug|Any CPU
		{2DA74BF1-3B99-4F57-B8DA-150E2E89D21E}.Debug|iPhone.ActiveCfg = Debug|Any CPU
		{2DA74BF1-3B99-4F57-B8DA-150E2E89D21E}.Debug|iPhone.Build.0 = Debug|Any CPU
		{2DA74BF1-3B99-4F57-B8DA-150E2E89D21E}.Debug|iPhone.Deploy.0 = Debug|Any CPU
		{2DA74BF1-3B99-4F57-B8DA-150E2E89D21E}.Debug|iPhoneSimulator.ActiveCfg = Debug|Any CPU
		{2DA74BF1-3B99-4F57-B8DA-150E2E89D21E}.Debug|iPhoneSimulator.Build.0 = Debug|Any CPU
		{2DA74BF1-3B99-4F57-B8DA-150E2E89D21E}.Debug|iPhoneSimulator.Deploy.0 = Debug|Any CPU
		{2DA74BF1-3B99-4F57-B8DA-150E2E89D21E}.Release|Any CPU.ActiveCfg = Release|Any CPU
		{2DA74BF1-3B99-4F57-B8DA-150E2E89D21E}.Release|Any CPU.Build.0 = Release|Any CPU
		{2DA74BF1-3B99-4F57-B8DA-150E2E89D21E}.Release|Any CPU.Deploy.0 = Release|Any CPU
		{2DA74BF1-3B99-4F57-B8DA-150E2E89D21E}.Release|iPhone.ActiveCfg = Release|Any CPU
		{2DA74BF1-3B99-4F57-B8DA-150E2E89D21E}.Release|iPhone.Build.0 = Release|Any CPU
		{2DA74BF1-3B99-4F57-B8DA-150E2E89D21E}.Release|iPhone.Deploy.0 = Release|Any CPU
		{2DA74BF1-3B99-4F57-B8DA-150E2E89D21E}.Release|iPhoneSimulator.ActiveCfg = Release|Any CPU
		{2DA74BF1-3B99-4F57-B8DA-150E2E89D21E}.Release|iPhoneSimulator.Build.0 = Release|Any CPU
		{2DA74BF1-3B99-4F57-B8DA-150E2E89D21E}.Release|iPhoneSimulator.Deploy.0 = Release|Any CPU
		{4665FEDE-805A-4A75-9C42-CB5A22FA92AD}.Ad-Hoc|Any CPU.ActiveCfg = Ad-Hoc|iPhone
		{4665FEDE-805A-4A75-9C42-CB5A22FA92AD}.Ad-Hoc|Any CPU.Build.0 = Ad-Hoc|iPhone
		{4665FEDE-805A-4A75-9C42-CB5A22FA92AD}.Ad-Hoc|Any CPU.Deploy.0 = Ad-Hoc|iPhone
		{4665FEDE-805A-4A75-9C42-CB5A22FA92AD}.Ad-Hoc|iPhone.ActiveCfg = Ad-Hoc|iPhone
		{4665FEDE-805A-4A75-9C42-CB5A22FA92AD}.Ad-Hoc|iPhone.Build.0 = Ad-Hoc|iPhone
		{4665FEDE-805A-4A75-9C42-CB5A22FA92AD}.Ad-Hoc|iPhone.Deploy.0 = Ad-Hoc|iPhone
		{4665FEDE-805A-4A75-9C42-CB5A22FA92AD}.Ad-Hoc|iPhoneSimulator.ActiveCfg = Ad-Hoc|iPhoneSimulator
		{4665FEDE-805A-4A75-9C42-CB5A22FA92AD}.Ad-Hoc|iPhoneSimulator.Build.0 = Ad-Hoc|iPhoneSimulator
		{4665FEDE-805A-4A75-9C42-CB5A22FA92AD}.Ad-Hoc|iPhoneSimulator.Deploy.0 = Ad-Hoc|iPhoneSimulator
		{4665FEDE-805A-4A75-9C42-CB5A22FA92AD}.AppStore|Any CPU.ActiveCfg = AppStore|iPhone
		{4665FEDE-805A-4A75-9C42-CB5A22FA92AD}.AppStore|Any CPU.Build.0 = AppStore|iPhone
		{4665FEDE-805A-4A75-9C42-CB5A22FA92AD}.AppStore|Any CPU.Deploy.0 = AppStore|iPhone
		{4665FEDE-805A-4A75-9C42-CB5A22FA92AD}.AppStore|iPhone.ActiveCfg = AppStore|iPhone
		{4665FEDE-805A-4A75-9C42-CB5A22FA92AD}.AppStore|iPhone.Build.0 = AppStore|iPhone
		{4665FEDE-805A-4A75-9C42-CB5A22FA92AD}.AppStore|iPhone.Deploy.0 = AppStore|iPhone
		{4665FEDE-805A-4A75-9C42-CB5A22FA92AD}.AppStore|iPhoneSimulator.ActiveCfg = AppStore|iPhoneSimulator
		{4665FEDE-805A-4A75-9C42-CB5A22FA92AD}.AppStore|iPhoneSimulator.Build.0 = AppStore|iPhoneSimulator
		{4665FEDE-805A-4A75-9C42-CB5A22FA92AD}.AppStore|iPhoneSimulator.Deploy.0 = AppStore|iPhoneSimulator
		{4665FEDE-805A-4A75-9C42-CB5A22FA92AD}.Debug|Any CPU.ActiveCfg = Debug|iPhoneSimulator
		{4665FEDE-805A-4A75-9C42-CB5A22FA92AD}.Debug|Any CPU.Build.0 = Debug|iPhoneSimulator
		{4665FEDE-805A-4A75-9C42-CB5A22FA92AD}.Debug|Any CPU.Deploy.0 = Debug|iPhoneSimulator
		{4665FEDE-805A-4A75-9C42-CB5A22FA92AD}.Debug|iPhone.ActiveCfg = Debug|iPhone
		{4665FEDE-805A-4A75-9C42-CB5A22FA92AD}.Debug|iPhone.Build.0 = Debug|iPhone
		{4665FEDE-805A-4A75-9C42-CB5A22FA92AD}.Debug|iPhone.Deploy.0 = Debug|iPhone
		{4665FEDE-805A-4A75-9C42-CB5A22FA92AD}.Debug|iPhoneSimulator.ActiveCfg = Debug|iPhoneSimulator
		{4665FEDE-805A-4A75-9C42-CB5A22FA92AD}.Debug|iPhoneSimulator.Build.0 = Debug|iPhoneSimulator
		{4665FEDE-805A-4A75-9C42-CB5A22FA92AD}.Debug|iPhoneSimulator.Deploy.0 = Debug|iPhoneSimulator
		{4665FEDE-805A-4A75-9C42-CB5A22FA92AD}.Release|Any CPU.ActiveCfg = Release|iPhone
		{4665FEDE-805A-4A75-9C42-CB5A22FA92AD}.Release|Any CPU.Build.0 = Release|iPhone
		{4665FEDE-805A-4A75-9C42-CB5A22FA92AD}.Release|Any CPU.Deploy.0 = Release|iPhone
		{4665FEDE-805A-4A75-9C42-CB5A22FA92AD}.Release|iPhone.ActiveCfg = Release|iPhone
		{4665FEDE-805A-4A75-9C42-CB5A22FA92AD}.Release|iPhone.Build.0 = Release|iPhone
		{4665FEDE-805A-4A75-9C42-CB5A22FA92AD}.Release|iPhone.Deploy.0 = Release|iPhone
		{4665FEDE-805A-4A75-9C42-CB5A22FA92AD}.Release|iPhoneSimulator.ActiveCfg = Release|iPhoneSimulator
		{4665FEDE-805A-4A75-9C42-CB5A22FA92AD}.Release|iPhoneSimulator.Build.0 = Release|iPhoneSimulator
		{4665FEDE-805A-4A75-9C42-CB5A22FA92AD}.Release|iPhoneSimulator.Deploy.0 = Release|iPhoneSimulator
		{2D4F4C30-77C0-4B33-8F5E-1C64F35C1F50}.Ad-Hoc|Any CPU.ActiveCfg = Debug|Any CPU
		{2D4F4C30-77C0-4B33-8F5E-1C64F35C1F50}.Ad-Hoc|Any CPU.Build.0 = Debug|Any CPU
		{2D4F4C30-77C0-4B33-8F5E-1C64F35C1F50}.Ad-Hoc|Any CPU.Deploy.0 = Debug|Any CPU
		{2D4F4C30-77C0-4B33-8F5E-1C64F35C1F50}.Ad-Hoc|iPhone.ActiveCfg = Debug|Any CPU
		{2D4F4C30-77C0-4B33-8F5E-1C64F35C1F50}.Ad-Hoc|iPhone.Build.0 = Debug|Any CPU
		{2D4F4C30-77C0-4B33-8F5E-1C64F35C1F50}.Ad-Hoc|iPhone.Deploy.0 = Debug|Any CPU
		{2D4F4C30-77C0-4B33-8F5E-1C64F35C1F50}.Ad-Hoc|iPhoneSimulator.ActiveCfg = Debug|Any CPU
		{2D4F4C30-77C0-4B33-8F5E-1C64F35C1F50}.Ad-Hoc|iPhoneSimulator.Build.0 = Debug|Any CPU
		{2D4F4C30-77C0-4B33-8F5E-1C64F35C1F50}.Ad-Hoc|iPhoneSimulator.Deploy.0 = Debug|Any CPU
		{2D4F4C30-77C0-4B33-8F5E-1C64F35C1F50}.AppStore|Any CPU.ActiveCfg = Debug|Any CPU
		{2D4F4C30-77C0-4B33-8F5E-1C64F35C1F50}.AppStore|Any CPU.Build.0 = Debug|Any CPU
		{2D4F4C30-77C0-4B33-8F5E-1C64F35C1F50}.AppStore|Any CPU.Deploy.0 = Debug|Any CPU
		{2D4F4C30-77C0-4B33-8F5E-1C64F35C1F50}.AppStore|iPhone.ActiveCfg = Debug|Any CPU
		{2D4F4C30-77C0-4B33-8F5E-1C64F35C1F50}.AppStore|iPhone.Build.0 = Debug|Any CPU
		{2D4F4C30-77C0-4B33-8F5E-1C64F35C1F50}.AppStore|iPhone.Deploy.0 = Debug|Any CPU
		{2D4F4C30-77C0-4B33-8F5E-1C64F35C1F50}.AppStore|iPhoneSimulator.ActiveCfg = Debug|Any CPU
		{2D4F4C30-77C0-4B33-8F5E-1C64F35C1F50}.AppStore|iPhoneSimulator.Build.0 = Debug|Any CPU
		{2D4F4C30-77C0-4B33-8F5E-1C64F35C1F50}.AppStore|iPhoneSimulator.Deploy.0 = Debug|Any CPU
		{2D4F4C30-77C0-4B33-8F5E-1C64F35C1F50}.Debug|Any CPU.ActiveCfg = Debug|Any CPU
		{2D4F4C30-77C0-4B33-8F5E-1C64F35C1F50}.Debug|Any CPU.Build.0 = Debug|Any CPU
		{2D4F4C30-77C0-4B33-8F5E-1C64F35C1F50}.Debug|Any CPU.Deploy.0 = Debug|Any CPU
		{2D4F4C30-77C0-4B33-8F5E-1C64F35C1F50}.Debug|iPhone.ActiveCfg = Debug|Any CPU
		{2D4F4C30-77C0-4B33-8F5E-1C64F35C1F50}.Debug|iPhone.Build.0 = Debug|Any CPU
		{2D4F4C30-77C0-4B33-8F5E-1C64F35C1F50}.Debug|iPhone.Deploy.0 = Debug|Any CPU
		{2D4F4C30-77C0-4B33-8F5E-1C64F35C1F50}.Debug|iPhoneSimulator.ActiveCfg = Debug|Any CPU
		{2D4F4C30-77C0-4B33-8F5E-1C64F35C1F50}.Debug|iPhoneSimulator.Build.0 = Debug|Any CPU
		{2D4F4C30-77C0-4B33-8F5E-1C64F35C1F50}.Debug|iPhoneSimulator.Deploy.0 = Debug|Any CPU
		{2D4F4C30-77C0-4B33-8F5E-1C64F35C1F50}.Release|Any CPU.ActiveCfg = Release|Any CPU
		{2D4F4C30-77C0-4B33-8F5E-1C64F35C1F50}.Release|Any CPU.Build.0 = Release|Any CPU
		{2D4F4C30-77C0-4B33-8F5E-1C64F35C1F50}.Release|Any CPU.Deploy.0 = Release|Any CPU
		{2D4F4C30-77C0-4B33-8F5E-1C64F35C1F50}.Release|iPhone.ActiveCfg = Release|Any CPU
		{2D4F4C30-77C0-4B33-8F5E-1C64F35C1F50}.Release|iPhone.Build.0 = Release|Any CPU
		{2D4F4C30-77C0-4B33-8F5E-1C64F35C1F50}.Release|iPhone.Deploy.0 = Release|Any CPU
		{2D4F4C30-77C0-4B33-8F5E-1C64F35C1F50}.Release|iPhoneSimulator.ActiveCfg = Release|Any CPU
		{2D4F4C30-77C0-4B33-8F5E-1C64F35C1F50}.Release|iPhoneSimulator.Build.0 = Release|Any CPU
		{2D4F4C30-77C0-4B33-8F5E-1C64F35C1F50}.Release|iPhoneSimulator.Deploy.0 = Release|Any CPU
	EndGlobalSection
	GlobalSection(SolutionProperties) = preSolution
		HideSolutionNode = FALSE
	EndGlobalSection
	GlobalSection(ExtensibilityGlobals) = postSolution
		SolutionGuid = {DFC0F133-E1A1-46D7-B59C-2ED444AC6D3F}
	EndGlobalSection
EndGlobal
